
Microsoft Visual Studio Solution File, Format Version 12.00
# Visual Studio Version 17
VisualStudioVersion = 17.7.34202.233
MinimumVisualStudioVersion = 10.0.40219.1
Project("{FAE04EC0-301F-11D3-BF4B-00C04F79EFBC}") = "frontend", "TransactionSystem\frontend.csproj", "{24603ED1-9B2B-459D-B3C6-0BB9EF78AAAC}"
EndProject
Global
	GlobalSection(SolutionConfigurationPlatforms) = preSolution
		Debug|Any CPU = Debug|Any CPU
		Release|Any CPU = Release|Any CPU
	EndGlobalSection
	GlobalSection(ProjectConfigurationPlatforms) = postSolution
		{24603ED1-9B2B-459D-B3C6-0BB9EF78AAAC}.Debug|Any CPU.ActiveCfg = Debug|Any CPU
		{24603ED1-9B2B-459D-B3C6-0BB9EF78AAAC}.Debug|Any CPU.Build.0 = Debug|Any CPU
		{24603ED1-9B2B-459D-B3C6-0BB9EF78AAAC}.Release|Any CPU.ActiveCfg = Release|Any CPU
		{24603ED1-9B2B-459D-B3C6-0BB9EF78AAAC}.Release|Any CPU.Build.0 = Release|Any CPU
	EndGlobalSection
	GlobalSection(SolutionProperties) = preSolution
		HideSolutionNode = FALSE
	EndGlobalSection
	GlobalSection(ExtensibilityGlobals) = postSolution
		SolutionGuid = {5867225C-540D-4FF5-87C5-40C34E19B6A5}
	EndGlobalSection
EndGlobal
