
Microsoft Visual Studio Solution File, Format Version 12.00
# Visual Studio Version 17
VisualStudioVersion = 17.7.34202.233
MinimumVisualStudioVersion = 10.0.40219.1
Project("{9A19103F-16F7-4668-BE54-9A1E7A4F7556}") = "TransactionTests", "TransactionTests\TransactionTests.csproj", "{425B16A5-9142-426E-9234-335E09A1CDDB}"
EndProject
Global
	GlobalSection(SolutionConfigurationPlatforms) = preSolution
		Debug|Any CPU = Debug|Any CPU
		Release|Any CPU = Release|Any CPU
	EndGlobalSection
	GlobalSection(ProjectConfigurationPlatforms) = postSolution
		{425B16A5-9142-426E-9234-335E09A1CDDB}.Debug|Any CPU.ActiveCfg = Debug|Any CPU
		{425B16A5-9142-426E-9234-335E09A1CDDB}.Debug|Any CPU.Build.0 = Debug|Any CPU
		{425B16A5-9142-426E-9234-335E09A1CDDB}.Release|Any CPU.ActiveCfg = Release|Any CPU
		{425B16A5-9142-426E-9234-335E09A1CDDB}.Release|Any CPU.Build.0 = Release|Any CPU
	EndGlobalSection
	GlobalSection(SolutionProperties) = preSolution
		HideSolutionNode = FALSE
	EndGlobalSection
	GlobalSection(ExtensibilityGlobals) = postSolution
		SolutionGuid = {0B1548BB-C716-4F26-90BE-C763B5686205}
	EndGlobalSection
EndGlobal
